# This file is generated by running "yarn install" inside your project.
# Manual changes might be lost - proceed with caution!

__metadata:
  version: 10
  cacheKey: 10c0

"@esbuild/aix-ppc64@npm:0.28.2":
  version: 0.28.2
  resolution: "@esbuild/aix-ppc64@npm:0.28.2"
  conditions: os=aix & cpu=ppc64
  languageName: node
  linkType: hard

"@esbuild/android-arm64@npm:0.28.2":
  version: 0.28.2
  resolution: "@esbuild/android-arm64@npm:0.28.2"
  conditions: os=android & cpu=arm64
  languageName: node
  linkType: hard

"@esbuild/android-arm@npm:0.28.2":
  version: 0.28.2
  resolution: "@esbuild/android-arm@npm:0.28.2"
  conditions: os=android & cpu=arm
  languageName: node
  linkType: hard

"@esbuild/android-x64@npm:0.28.2":
  version: 0.28.2
  resolution: "@esbuild/android-x64@npm:0.28.2"
  conditions: os=android & cpu=x64
  languageName: node
  linkType: hard

"@esbuild/darwin-arm64@npm:0.28.2":
  version: 0.28.2
  resolution: "@esbuild/darwin-arm64@npm:0.28.2"
  conditions: os=darwin & cpu=arm64
  languageName: node
  linkType: hard

"@esbuild/darwin-x64@npm:0.28.2":
  version: 0.28.2
  resolution: "@esbuild/darwin-x64@npm:0.28.2"
  conditions: os=darwin & cpu=x64
  languageName: node
  linkType: hard

"@esbuild/freebsd-arm64@npm:0.28.2":
  version: 0.28.2
  resolution: "@esbuild/freebsd-arm64@npm:0.28.2"
  conditions: os=freebsd & cpu=arm64
  languageName: node
  linkType: hard

"@esbuild/freebsd-x64@npm:0.28.2":
  version: 0.28.2
  resolution: "@esbuild/freebsd-x64@npm:0.28.2"
  conditions: os=freebsd & cpu=x64
  languageName: node
  linkType: hard

"@esbuild/linux-arm64@npm:0.28.2":
  version: 0.28.2
  resolution: "@esbuild/linux-arm64@npm:0.28.2"
  conditions: os=linux & cpu=arm64
  languageName: node
  linkType: hard

"@esbuild/linux-arm@npm:0.28.2":
  version: 0.28.2
  resolution: "@esbuild/linux-arm@npm:0.28.2"
  conditions: os=linux & cpu=arm
  languageName: node
  linkType: hard

"@esbuild/linux-ia32@npm:0.28.2":
  version: 0.28.2
  resolution: "@esbuild/linux-ia32@npm:0.28.2"
  conditions: os=linux & cpu=ia32
  languageName: node
  linkType: hard

"@esbuild/linux-loong64@npm:0.28.2":
  version: 0.28.2
  resolution: "@esbuild/linux-loong64@npm:0.28.2"
  conditions: os=linux & cpu=loong64
  languageName: node
  linkType: hard

"@esbuild/linux-mips64el@npm:0.28.2":
  version: 0.28.2
  resolution: "@esbuild/linux-mips64el@npm:0.28.2"
  conditions: os=linux & cpu=mips64el
  languageName: node
  linkType: hard

"@esbuild/linux-ppc64@npm:0.28.2":
  version: 0.28.2
  resolution: "@esbuild/linux-ppc64@npm:0.28.2"
  conditions: os=linux & cpu=ppc64
  languageName: node
  linkType: hard

"@esbuild/linux-riscv64@npm:0.28.2":
  version: 0.28.2
  resolution: "@esbuild/linux-riscv64@npm:0.28.2"
  conditions: os=linux & cpu=riscv64
  languageName: node
  linkType: hard

"@esbuild/linux-s390x@npm:0.28.2":
  version: 0.28.2
  resolution: "@esbuild/linux-s390x@npm:0.28.2"
  conditions: os=linux & cpu=s390x
  languageName: node
  linkType: hard

"@esbuild/linux-x64@npm:0.28.2":
  version: 0.28.2
  resolution: "@esbuild/linux-x64@npm:0.28.2"
  conditions: os=linux & cpu=x64
  languageName: node
  linkType: hard

"@esbuild/netbsd-arm64@npm:0.28.2":
  version: 0.28.2
  resolution: "@esbuild/netbsd-arm64@npm:0.28.2"
  conditions: os=netbsd & cpu=arm64
  languageName: node
  linkType: hard

"@esbuild/netbsd-x64@npm:0.28.2":
  version: 0.28.2
  resolution: "@esbuild/netbsd-x64@npm:0.28.2"
  conditions: os=netbsd & cpu=x64
  languageName: node
  linkType: hard

"@esbuild/openbsd-arm64@npm:0.28.2":
  version: 0.28.2
  resolution: "@esbuild/openbsd-arm64@npm:0.28.2"
  conditions: os=openbsd & cpu=arm64
  languageName: node
  linkType: hard

"@esbuild/openbsd-x64@npm:0.28.2":
  version: 0.28.2
  resolution: "@esbuild/openbsd-x64@npm:0.28.2"
  conditions: os=openbsd & cpu=x64
  languageName: node
  linkType: hard

"@esbuild/openharmony-arm64@npm:0.28.2":
  version: 0.28.2
  resolution: "@esbuild/openharmony-arm64@npm:0.28.2"
  conditions: os=openharmony & cpu=arm64
  languageName: node
  linkType: hard

"@esbuild/sunos-x64@npm:0.28.2":
  version: 0.28.2
  resolution: "@esbuild/sunos-x64@npm:0.28.2"
  conditions: os=sunos & cpu=x64
  languageName: node
  linkType: hard

"@esbuild/win32-arm64@npm:0.28.2":
  version: 0.28.2
  resolution: "@esbuild/win32-arm64@npm:0.28.2"
  conditions: os=win32 & cpu=arm64
  languageName: node
  linkType: hard

"@esbuild/win32-ia32@npm:0.28.2":
  version: 0.28.2
  resolution: "@esbuild/win32-ia32@npm:0.28.2"
  conditions: os=win32 & cpu=ia32
  languageName: node
  linkType: hard

"@esbuild/win32-x64@npm:0.28.2":
  version: 0.28.2
  resolution: "@esbuild/win32-x64@npm:0.28.2"
  conditions: os=win32 & cpu=x64
  languageName: node
  linkType: hard

"@oxfmt/binding-android-arm-eabi@npm:0.65.0":
  version: 0.65.0
  resolution: "@oxfmt/binding-android-arm-eabi@npm:0.65.0"
  conditions: os=android & cpu=arm
  languageName: node
  linkType: hard

"@oxfmt/binding-android-arm64@npm:0.65.0":
  version: 0.65.0
  resolution: "@oxfmt/binding-android-arm64@npm:0.65.0"
  conditions: os=android & cpu=arm64
  languageName: node
  linkType: hard

"@oxfmt/binding-darwin-arm64@npm:0.65.0":
  version: 0.65.0
  resolution: "@oxfmt/binding-darwin-arm64@npm:0.65.0"
  conditions: os=darwin & cpu=arm64
  languageName: node
  linkType: hard

"@oxfmt/binding-darwin-x64@npm:0.65.0":
  version: 0.65.0
  resolution: "@oxfmt/binding-darwin-x64@npm:0.65.0"
  conditions: os=darwin & cpu=x64
  languageName: node
  linkType: hard

"@oxfmt/binding-freebsd-x64@npm:0.65.0":
  version: 0.65.0
  resolution: "@oxfmt/binding-freebsd-x64@npm:0.65.0"
  conditions: os=freebsd & cpu=x64
  languageName: node
  linkType: hard

"@oxfmt/binding-linux-arm-gnueabihf@npm:0.65.0":
  version: 0.65.0
  resolution: "@oxfmt/binding-linux-arm-gnueabihf@npm:0.65.0"
  conditions: os=linux & cpu=arm
  languageName: node
  linkType: hard

"@oxfmt/binding-linux-arm-musleabihf@npm:0.65.0":
  version: 0.65.0
  resolution: "@oxfmt/binding-linux-arm-musleabihf@npm:0.65.0"
  conditions: os=linux & cpu=arm
  languageName: node
  linkType: hard

"@oxfmt/binding-linux-arm64-gnu@npm:0.65.0":
  version: 0.65.0
  resolution: "@oxfmt/binding-linux-arm64-gnu@npm:0.65.0"
  conditions: os=linux & cpu=arm64 & libc=glibc
  languageName: node
  linkType: hard

"@oxfmt/binding-linux-arm64-musl@npm:0.65.0":
  version: 0.65.0
  resolution: "@oxfmt/binding-linux-arm64-musl@npm:0.65.0"
  conditions: os=linux & cpu=arm64 & libc=musl
  languageName: node
  linkType: hard

"@oxfmt/binding-linux-ppc64-gnu@npm:0.65.0":
  version: 0.65.0
  resolution: "@oxfmt/binding-linux-ppc64-gnu@npm:0.65.0"
  conditions: os=linux & cpu=ppc64 & libc=glibc
  languageName: node
  linkType: hard

"@oxfmt/binding-linux-riscv64-gnu@npm:0.65.0":
  version: 0.65.0
  resolution: "@oxfmt/binding-linux-riscv64-gnu@npm:0.65.0"
  conditions: os=linux & cpu=riscv64 & libc=glibc
  languageName: node
  linkType: hard

"@oxfmt/binding-linux-riscv64-musl@npm:0.65.0":
  version: 0.65.0
  resolution: "@oxfmt/binding-linux-riscv64-musl@npm:0.65.0"
  conditions: os=linux & cpu=riscv64 & libc=musl
  languageName: node
  linkType: hard

"@oxfmt/binding-linux-s390x-gnu@npm:0.65.0":
  version: 0.65.0
  resolution: "@oxfmt/binding-linux-s390x-gnu@npm:0.65.0"
  conditions: os=linux & cpu=s390x & libc=glibc
  languageName: node
  linkType: hard

"@oxfmt/binding-linux-x64-gnu@npm:0.65.0":
  version: 0.65.0
  resolution: "@oxfmt/binding-linux-x64-gnu@npm:0.65.0"
  conditions: os=linux & cpu=x64 & libc=glibc
  languageName: node
  linkType: hard

"@oxfmt/binding-linux-x64-musl@npm:0.65.0":
  version: 0.65.0
  resolution: "@oxfmt/binding-linux-x64-musl@npm:0.65.0"
  conditions: os=linux & cpu=x64 & libc=musl
  languageName: node
  linkType: hard

"@oxfmt/binding-openharmony-arm64@npm:0.65.0":
  version: 0.65.0
  resolution: "@oxfmt/binding-openharmony-arm64@npm:0.65.0"
  conditions: os=openharmony & cpu=arm64
  languageName: node
  linkType: hard

"@oxfmt/binding-win32-arm64-msvc@npm:0.65.0":
  version: 0.65.0
  resolution: "@oxfmt/binding-win32-arm64-msvc@npm:0.65.0"
  conditions: os=win32 & cpu=arm64
  languageName: node
  linkType: hard

"@oxfmt/binding-win32-ia32-msvc@npm:0.65.0":
  version: 0.65.0
  resolution: "@oxfmt/binding-win32-ia32-msvc@npm:0.65.0"
  conditions: os=win32 & cpu=ia32
  languageName: node
  linkType: hard

"@oxfmt/binding-win32-x64-msvc@npm:0.65.0":
  version: 0.65.0
  resolution: "@oxfmt/binding-win32-x64-msvc@npm:0.65.0"
  conditions: os=win32 & cpu=x64
  languageName: node
  linkType: hard

"@oxlint-tsgolint/darwin-arm64@npm:7.0.2003":
  version: 7.0.2003
  resolution: "@oxlint-tsgolint/darwin-arm64@npm:7.0.2003"
  conditions: os=darwin & cpu=arm64
  languageName: node
  linkType: hard

"@oxlint-tsgolint/darwin-x64@npm:7.0.2003":
  version: 7.0.2003
  resolution: "@oxlint-tsgolint/darwin-x64@npm:7.0.2003"
  conditions: os=darwin & cpu=x64
  languageName: node
  linkType: hard

"@oxlint-tsgolint/linux-arm64@npm:7.0.2003":
  version: 7.0.2003
  resolution: "@oxlint-tsgolint/linux-arm64@npm:7.0.2003"
  conditions: os=linux & cpu=arm64
  languageName: node
  linkType: hard

"@oxlint-tsgolint/linux-x64@npm:7.0.2003":
  version: 7.0.2003
  resolution: "@oxlint-tsgolint/linux-x64@npm:7.0.2003"
  conditions: os=linux & cpu=x64
  languageName: node
  linkType: hard

"@oxlint-tsgolint/win32-arm64@npm:7.0.2003":
  version: 7.0.2003
  resolution: "@oxlint-tsgolint/win32-arm64@npm:7.0.2003"
  conditions: os=win32 & cpu=arm64
  languageName: node
  linkType: hard

"@oxlint-tsgolint/win32-x64@npm:7.0.2003":
  version: 7.0.2003
  resolution: "@oxlint-tsgolint/win32-x64@npm:7.0.2003"
  conditions: os=win32 & cpu=x64
  languageName: node
  linkType: hard

"@oxlint/binding-android-arm-eabi@npm:1.86.0":
  version: 1.86.0
  resolution: "@oxlint/binding-android-arm-eabi@npm:1.86.0"
  conditions: os=android & cpu=arm
  languageName: node
  linkType: hard

"@oxlint/binding-android-arm64@npm:1.86.0":
  version: 1.86.0
  resolution: "@oxlint/binding-android-arm64@npm:1.86.0"
  conditions: os=android & cpu=arm64
  languageName: node
  linkType: hard

"@oxlint/binding-darwin-arm64@npm:1.86.0":
  version: 1.86.0
  resolution: "@oxlint/binding-darwin-arm64@npm:1.86.0"
  conditions: os=darwin & cpu=arm64
  languageName: node
  linkType: hard

"@oxlint/binding-darwin-x64@npm:1.86.0":
  version: 1.86.0
  resolution: "@oxlint/binding-darwin-x64@npm:1.86.0"
  conditions: os=darwin & cpu=x64
  languageName: node
  linkType: hard

"@oxlint/binding-freebsd-x64@npm:1.86.0":
  version: 1.86.0
  resolution: "@oxlint/binding-freebsd-x64@npm:1.86.0"
  conditions: os=freebsd & cpu=x64
  languageName: node
  linkType: hard

"@oxlint/binding-linux-arm-gnueabihf@npm:1.86.0":
  version: 1.86.0
  resolution: "@oxlint/binding-linux-arm-gnueabihf@npm:1.86.0"
  conditions: os=linux & cpu=arm
  languageName: node
  linkType: hard

"@oxlint/binding-linux-arm-musleabihf@npm:1.86.0":
  version: 1.86.0
  resolution: "@oxlint/binding-linux-arm-musleabihf@npm:1.86.0"
  conditions: os=linux & cpu=arm
  languageName: node
  linkType: hard

"@oxlint/binding-linux-arm64-gnu@npm:1.86.0":
  version: 1.86.0
  resolution: "@oxlint/binding-linux-arm64-gnu@npm:1.86.0"
  conditions: os=linux & cpu=arm64 & libc=glibc
  languageName: node
  linkType: hard

"@oxlint/binding-linux-arm64-musl@npm:1.86.0":
  version: 1.86.0
  resolution: "@oxlint/binding-linux-arm64-musl@npm:1.86.0"
  conditions: os=linux & cpu=arm64 & libc=musl
  languageName: node
  linkType: hard

"@oxlint/binding-linux-ppc64-gnu@npm:1.86.0":
  version: 1.86.0
  resolution: "@oxlint/binding-linux-ppc64-gnu@npm:1.86.0"
  conditions: os=linux & cpu=ppc64 & libc=glibc
  languageName: node
  linkType: hard

"@oxlint/binding-linux-riscv64-gnu@npm:1.86.0":
  version: 1.86.0
  resolution: "@oxlint/binding-linux-riscv64-gnu@npm:1.86.0"
  conditions: os=linux & cpu=riscv64 & libc=glibc
  languageName: node
  linkType: hard

"@oxlint/binding-linux-riscv64-musl@npm:1.86.0":
  version: 1.86.0
  resolution: "@oxlint/binding-linux-riscv64-musl@npm:1.86.0"
  conditions: os=linux & cpu=riscv64 & libc=musl
  languageName: node
  linkType: hard

"@oxlint/binding-linux-s390x-gnu@npm:1.86.0":
  version: 1.86.0
  resolution: "@oxlint/binding-linux-s390x-gnu@npm:1.86.0"
  conditions: os=linux & cpu=s390x & libc=glibc
  languageName: node
  linkType: hard

"@oxlint/binding-linux-x64-gnu@npm:1.86.0":
  version: 1.86.0
  resolution: "@oxlint/binding-linux-x64-gnu@npm:1.86.0"
  conditions: os=linux & cpu=x64 & libc=glibc
  languageName: node
  linkType: hard

"@oxlint/binding-linux-x64-musl@npm:1.86.0":
  version: 1.86.0
  resolution: "@oxlint/binding-linux-x64-musl@npm:1.86.0"
  conditions: os=linux & cpu=x64 & libc=musl
  languageName: node
  linkType: hard

"@oxlint/binding-openharmony-arm64@npm:1.86.0":
  version: 1.86.0
  resolution: "@oxlint/binding-openharmony-arm64@npm:1.86.0"
  conditions: os=openharmony & cpu=arm64
  languageName: node
  linkType: hard

"@oxlint/binding-win32-arm64-msvc@npm:1.86.0":
  version: 1.86.0
  resolution: "@oxlint/binding-win32-arm64-msvc@npm:1.86.0"
  conditions: os=win32 & cpu=arm64
  languageName: node
  linkType: hard

"@oxlint/binding-win32-ia32-msvc@npm:1.86.0":
  version: 1.86.0
  resolution: "@oxlint/binding-win32-ia32-msvc@npm:1.86.0"
  conditions: os=win32 & cpu=ia32
  languageName: node
  linkType: hard

"@oxlint/binding-win32-x64-msvc@npm:1.86.0":
  version: 1.86.0
  resolution: "@oxlint/binding-win32-x64-msvc@npm:1.86.0"
  conditions: os=win32 & cpu=x64
  languageName: node
  linkType: hard

"@tsconfig/strictest@npm:^2.0.8":
  version: 2.0.8
  resolution: "@tsconfig/strictest@npm:2.0.8"
  checksum: 10c0/96d7f1c6988c284886e7f2caea87415a6ebc779dc24c3f102cfa83b7d924da1363176b09c4600d11a1205bf2d819f35515c542a4bbcbe2fe13c1d7833376d203
  languageName: node
  linkType: hard

"@types/node@npm:^25.0.0":
  version: 25.9.8
  resolution: "@types/node@npm:25.9.8"
  dependencies:
    undici-types: "npm:>=7.24.0 <7.24.7"
  checksum: 10c0/482b8f1d8532fb034d4b49b8c7a5942aee4bb21482d7e49a5d3fbc1dcb3f04fde0c312f91f6aeca185875a325e14e75f94b6171f1ef7a718a6d62c0862c2ab80
  languageName: node
  linkType: hard

"app@workspace:app":
  version: 0.0.0-use.local
  resolution: "app@workspace:app"
  dependencies:
    esbuild: "npm:^0.28.2"
    jose: "npm:^6.2.12"
  languageName: unknown
  linkType: soft

"edge@workspace:.":
  version: 0.0.0-use.local
  resolution: "edge@workspace:."
  dependencies:
    "@tsconfig/strictest": "npm:^2.0.8"
    "@types/node": "npm:^25.0.0"
    oxfmt: "npm:^0.65.0"
    oxlint: "npm:^1.80.0"
    oxlint-tsgolint: "npm:^7.0.2003"
    typescript: "npm:^5.9.0"
  languageName: unknown
  linkType: soft

"esbuild@npm:^0.28.2":
  version: 0.28.2
  resolution: "esbuild@npm:0.28.2"
  dependencies:
    "@esbuild/aix-ppc64": "npm:0.28.2"
    "@esbuild/android-arm": "npm:0.28.2"
    "@esbuild/android-arm64": "npm:0.28.2"
    "@esbuild/android-x64": "npm:0.28.2"
    "@esbuild/darwin-arm64": "npm:0.28.2"
    "@esbuild/darwin-x64": "npm:0.28.2"
    "@esbuild/freebsd-arm64": "npm:0.28.2"
    "@esbuild/freebsd-x64": "npm:0.28.2"
    "@esbuild/linux-arm": "npm:0.28.2"
    "@esbuild/linux-arm64": "npm:0.28.2"
    "@esbuild/linux-ia32": "npm:0.28.2"
    "@esbuild/linux-loong64": "npm:0.28.2"
    "@esbuild/linux-mips64el": "npm:0.28.2"
    "@esbuild/linux-ppc64": "npm:0.28.2"
    "@esbuild/linux-riscv64": "npm:0.28.2"
    "@esbuild/linux-s390x": "npm:0.28.2"
    "@esbuild/linux-x64": "npm:0.28.2"
    "@esbuild/netbsd-arm64": "npm:0.28.2"
    "@esbuild/netbsd-x64": "npm:0.28.2"
    "@esbuild/openbsd-arm64": "npm:0.28.2"
    "@esbuild/openbsd-x64": "npm:0.28.2"
    "@esbuild/openharmony-arm64": "npm:0.28.2"
    "@esbuild/sunos-x64": "npm:0.28.2"
    "@esbuild/win32-arm64": "npm:0.28.2"
    "@esbuild/win32-ia32": "npm:0.28.2"
    "@esbuild/win32-x64": "npm:0.28.2"
  dependenciesMeta:
    "@esbuild/aix-ppc64":
      optional: true
    "@esbuild/android-arm":
      optional: true
    "@esbuild/android-arm64":
      optional: true
    "@esbuild/android-x64":
      optional: true
    "@esbuild/darwin-arm64":
      optional: true
    "@esbuild/darwin-x64":
      optional: true
    "@esbuild/freebsd-arm64":
      optional: true
    "@esbuild/freebsd-x64":
      optional: true
    "@esbuild/linux-arm":
      optional: true
    "@esbuild/linux-arm64":
      optional: true
    "@esbuild/linux-ia32":
      optional: true
    "@esbuild/linux-loong64":
      optional: true
    "@esbuild/linux-mips64el":
      optional: true
    "@esbuild/linux-ppc64":
      optional: true
    "@esbuild/linux-riscv64":
      optional: true
    "@esbuild/linux-s390x":
      optional: true
    "@esbuild/linux-x64":
      optional: true
    "@esbuild/netbsd-arm64":
      optional: true
    "@esbuild/netbsd-x64":
      optional: true
    "@esbuild/openbsd-arm64":
      optional: true
    "@esbuild/openbsd-x64":
      optional: true
    "@esbuild/openharmony-arm64":
      optional: true
    "@esbuild/sunos-x64":
      optional: true
    "@esbuild/win32-arm64":
      optional: true
    "@esbuild/win32-ia32":
      optional: true
    "@esbuild/win32-x64":
      optional: true
  bin:
    esbuild: bin/esbuild
  checksum: 10c0/9b19edb63bd7780fd2e8e65a1394a0e8a05a17d697f73f0647ffe3c134709d8dbe744ab3fd57b35c9470db268cae7678fafd3dcd3ce1f34fc590568c2433f5d2
  languageName: node
  linkType: hard

"jose@npm:^6.2.12":
  version: 6.2.12
  resolution: "jose@npm:6.2.12"
  checksum: 10c0/e8582b946fabcae228819982dda4849908c353e9cb098f02f773635aa0d2f4917f17484c7441b8d526e564013b4cf96951455c94f81d0a39ee765bad44ce293d
  languageName: node
  linkType: hard

"oxfmt@npm:^0.65.0":
  version: 0.65.0
  resolution: "oxfmt@npm:0.65.0"
  dependencies:
    "@oxfmt/binding-android-arm-eabi": "npm:0.65.0"
    "@oxfmt/binding-android-arm64": "npm:0.65.0"
    "@oxfmt/binding-darwin-arm64": "npm:0.65.0"
    "@oxfmt/binding-darwin-x64": "npm:0.65.0"
    "@oxfmt/binding-freebsd-x64": "npm:0.65.0"
    "@oxfmt/binding-linux-arm-gnueabihf": "npm:0.65.0"
    "@oxfmt/binding-linux-arm-musleabihf": "npm:0.65.0"
    "@oxfmt/binding-linux-arm64-gnu": "npm:0.65.0"
    "@oxfmt/binding-linux-arm64-musl": "npm:0.65.0"
    "@oxfmt/binding-linux-ppc64-gnu": "npm:0.65.0"
    "@oxfmt/binding-linux-riscv64-gnu": "npm:0.65.0"
    "@oxfmt/binding-linux-riscv64-musl": "npm:0.65.0"
    "@oxfmt/binding-linux-s390x-gnu": "npm:0.65.0"
    "@oxfmt/binding-linux-x64-gnu": "npm:0.65.0"
    "@oxfmt/binding-linux-x64-musl": "npm:0.65.0"
    "@oxfmt/binding-openharmony-arm64": "npm:0.65.0"
    "@oxfmt/binding-win32-arm64-msvc": "npm:0.65.0"
    "@oxfmt/binding-win32-ia32-msvc": "npm:0.65.0"
    "@oxfmt/binding-win32-x64-msvc": "npm:0.65.0"
    tinypool: "npm:2.1.0"
  peerDependencies:
    svelte: ^5.0.0
    vite-plus: "*"
  dependenciesMeta:
    "@oxfmt/binding-android-arm-eabi":
      optional: true
    "@oxfmt/binding-android-arm64":
      optional: true
    "@oxfmt/binding-darwin-arm64":
      optional: true
    "@oxfmt/binding-darwin-x64":
      optional: true
    "@oxfmt/binding-freebsd-x64":
      optional: true
    "@oxfmt/binding-linux-arm-gnueabihf":
      optional: true
    "@oxfmt/binding-linux-arm-musleabihf":
      optional: true
    "@oxfmt/binding-linux-arm64-gnu":
      optional: true
    "@oxfmt/binding-linux-arm64-musl":
      optional: true
    "@oxfmt/binding-linux-ppc64-gnu":
      optional: true
    "@oxfmt/binding-linux-riscv64-gnu":
      optional: true
    "@oxfmt/binding-linux-riscv64-musl":
      optional: true
    "@oxfmt/binding-linux-s390x-gnu":
      optional: true
    "@oxfmt/binding-linux-x64-gnu":
      optional: true
    "@oxfmt/binding-linux-x64-musl":
      optional: true
    "@oxfmt/binding-openharmony-arm64":
      optional: true
    "@oxfmt/binding-win32-arm64-msvc":
      optional: true
    "@oxfmt/binding-win32-ia32-msvc":
      optional: true
    "@oxfmt/binding-win32-x64-msvc":
      optional: true
  peerDependenciesMeta:
    svelte:
      optional: true
    vite-plus:
      optional: true
  bin:
    oxfmt: bin/oxfmt
  checksum: 10c0/bb346b117977170262c5c4cbb9f2e977139667ee472d724b517549ea54720b66b38758bb5f8579813e58675e6bb8fa987c80a3be1155ce61de1e0a5c5d3b5a74
  languageName: node
  linkType: hard

"oxlint-tsgolint@npm:^7.0.2003":
  version: 7.0.2003
  resolution: "oxlint-tsgolint@npm:7.0.2003"
  dependencies:
    "@oxlint-tsgolint/darwin-arm64": "npm:7.0.2003"
    "@oxlint-tsgolint/darwin-x64": "npm:7.0.2003"
    "@oxlint-tsgolint/linux-arm64": "npm:7.0.2003"
    "@oxlint-tsgolint/linux-x64": "npm:7.0.2003"
    "@oxlint-tsgolint/win32-arm64": "npm:7.0.2003"
    "@oxlint-tsgolint/win32-x64": "npm:7.0.2003"
  dependenciesMeta:
    "@oxlint-tsgolint/darwin-arm64":
      optional: true
    "@oxlint-tsgolint/darwin-x64":
      optional: true
    "@oxlint-tsgolint/linux-arm64":
      optional: true
    "@oxlint-tsgolint/linux-x64":
      optional: true
    "@oxlint-tsgolint/win32-arm64":
      optional: true
    "@oxlint-tsgolint/win32-x64":
      optional: true
  bin:
    tsgolint: ./bin/tsgolint.js
  checksum: 10c0/f7be5deb91f140635c7cc2cd4f14f9f89fd4ac54aff3191ea76a081d59841d0fba000ac9cc06cb50769ccc79783a43b50161efeab4083cf5ed63327590671dca
  languageName: node
  linkType: hard

"oxlint@npm:^1.80.0":
  version: 1.86.0
  resolution: "oxlint@npm:1.86.0"
  dependencies:
    "@oxlint/binding-android-arm-eabi": "npm:1.86.0"
    "@oxlint/binding-android-arm64": "npm:1.86.0"
    "@oxlint/binding-darwin-arm64": "npm:1.86.0"
    "@oxlint/binding-darwin-x64": "npm:1.86.0"
    "@oxlint/binding-freebsd-x64": "npm:1.86.0"
    "@oxlint/binding-linux-arm-gnueabihf": "npm:1.86.0"
    "@oxlint/binding-linux-arm-musleabihf": "npm:1.86.0"
    "@oxlint/binding-linux-arm64-gnu": "npm:1.86.0"
    "@oxlint/binding-linux-arm64-musl": "npm:1.86.0"
    "@oxlint/binding-linux-ppc64-gnu": "npm:1.86.0"
    "@oxlint/binding-linux-riscv64-gnu": "npm:1.86.0"
    "@oxlint/binding-linux-riscv64-musl": "npm:1.86.0"
    "@oxlint/binding-linux-s390x-gnu": "npm:1.86.0"
    "@oxlint/binding-linux-x64-gnu": "npm:1.86.0"
    "@oxlint/binding-linux-x64-musl": "npm:1.86.0"
    "@oxlint/binding-openharmony-arm64": "npm:1.86.0"
    "@oxlint/binding-win32-arm64-msvc": "npm:1.86.0"
    "@oxlint/binding-win32-ia32-msvc": "npm:1.86.0"
    "@oxlint/binding-win32-x64-msvc": "npm:1.86.0"
  peerDependencies:
    oxlint-tsgolint: ">=7.0.2003"
    vite-plus: "*"
  dependenciesMeta:
    "@oxlint/binding-android-arm-eabi":
      optional: true
    "@oxlint/binding-android-arm64":
      optional: true
    "@oxlint/binding-darwin-arm64":
      optional: true
    "@oxlint/binding-darwin-x64":
      optional: true
    "@oxlint/binding-freebsd-x64":
      optional: true
    "@oxlint/binding-linux-arm-gnueabihf":
      optional: true
    "@oxlint/binding-linux-arm-musleabihf":
      optional: true
    "@oxlint/binding-linux-arm64-gnu":
      optional: true
    "@oxlint/binding-linux-arm64-musl":
      optional: true
    "@oxlint/binding-linux-ppc64-gnu":
      optional: true
    "@oxlint/binding-linux-riscv64-gnu":
      optional: true
    "@oxlint/binding-linux-riscv64-musl":
      optional: true
    "@oxlint/binding-linux-s390x-gnu":
      optional: true
    "@oxlint/binding-linux-x64-gnu":
      optional: true
    "@oxlint/binding-linux-x64-musl":
      optional: true
    "@oxlint/binding-openharmony-arm64":
      optional: true
    "@oxlint/binding-win32-arm64-msvc":
      optional: true
    "@oxlint/binding-win32-ia32-msvc":
      optional: true
    "@oxlint/binding-win32-x64-msvc":
      optional: true
  peerDependenciesMeta:
    oxlint-tsgolint:
      optional: true
    vite-plus:
      optional: true
  bin:
    oxlint: bin/oxlint
  checksum: 10c0/dc3be2a2b6b4907cd7f3d258bb94e443cc4868acb9a195b2850b120eb5877183acc901cef56a3c5115214cf6de82eb2c9158e98398500f27ac1e57d0ad0a3f96
  languageName: node
  linkType: hard

"tinypool@npm:2.1.0":
  version: 2.1.0
  resolution: "tinypool@npm:2.1.0"
  checksum: 10c0/9fb1c760558c6264e0f4cfde96a63b12450b43f1730fbe6274aa24ddbdf488745c08924d0dea7a1303b47d555416a6415f2113898c69b6ecf731e75ac95238a5
  languageName: node
  linkType: hard

"typescript@npm:^5.9.0":
  version: 5.9.3
  resolution: "typescript@npm:5.9.3"
  bin:
    tsc: bin/tsc
    tsserver: bin/tsserver
  checksum: 10c0/6bd7552ce39f97e711db5aa048f6f9995b53f1c52f7d8667c1abdc1700c68a76a308f579cd309ce6b53646deb4e9a1be7c813a93baaf0a28ccd536a30270e1c5
  languageName: node
  linkType: hard

"typescript@patch:typescript@npm%3A^5.9.0#optional!builtin<compat/typescript>":
  version: 5.9.3
  resolution: "typescript@patch:typescript@npm%3A5.9.3#optional!builtin<compat/typescript>::version=5.9.3&hash=5786d5"
  bin:
    tsc: bin/tsc
    tsserver: bin/tsserver
  checksum: 10c0/ad09fdf7a756814dce65bc60c1657b40d44451346858eea230e10f2e95a289d9183b6e32e5c11e95acc0ccc214b4f36289dcad4bf1886b0adb84d711d336a430
  languageName: node
  linkType: hard

"undici-types@npm:>=7.24.0 <7.24.7":
  version: 7.24.6
  resolution: "undici-types@npm:7.24.6"
  checksum: 10c0/d9cd8befb643ac904615c280a095ba4240531f6bb4a5e75a22a7483630ca8d3f1016d2ab6ace6ceda1f63b3a2db2fe037fafe121d6917a0187573aa548ff78ca
  languageName: node
  linkType: hard
